
Microsoft Visual Studio Solution File, Format Version 12.00
# Visual Studio Version 17
VisualStudioVersion = 17.1.32414.318
MinimumVisualStudioVersion = 10.0.40219.1
Project("{FAE04EC0-301F-11D3-BF4B-00C04F79EFBC}") = "EFCoreDB", "EFCoreDB.csproj", "{7801F87D-5080-4C34-AB48-8FAC94FA6BF6}"
EndProject
Global
	GlobalSection(SolutionConfigurationPlatforms) = preSolution
		Debug|Any CPU = Debug|Any CPU
		Release|Any CPU = Release|Any CPU
	EndGlobalSection
	GlobalSection(ProjectConfigurationPlatforms) = postSolution
		{7801F87D-5080-4C34-AB48-8FAC94FA6BF6}.Debug|Any CPU.ActiveCfg = Debug|Any CPU
		{7801F87D-5080-4C34-AB48-8FAC94FA6BF6}.Debug|Any CPU.Build.0 = Debug|Any CPU
		{7801F87D-5080-4C34-AB48-8FAC94FA6BF6}.Release|Any CPU.ActiveCfg = Release|Any CPU
		{7801F87D-5080-4C34-AB48-8FAC94FA6BF6}.Release|Any CPU.Build.0 = Release|Any CPU
	EndGlobalSection
	GlobalSection(SolutionProperties) = preSolution
		HideSolutionNode = FALSE
	EndGlobalSection
	GlobalSection(ExtensibilityGlobals) = postSolution
		SolutionGuid = {1DE3B264-C6AA-49AE-899C-532ECECBCEF5}
	EndGlobalSection
EndGlobal
